
Microsoft Visual Studio Solution File, Format Version 12.00
# Visual Studio Version 17
VisualStudioVersion = 17.11.35303.130
MinimumVisualStudioVersion = 10.0.40219.1
Project("{FAE04EC0-301F-11D3-BF4B-00C04F79EFBC}") = "ConsoleTest", "ConsoleTest\ConsoleTest.csproj", "{04909546-0D3C-4B09-84A1-F80A3B36092E}"
EndProject
Global
	GlobalSection(SolutionConfigurationPlatforms) = preSolution
		Debug|Any CPU = Debug|Any CPU
		Release|Any CPU = Release|Any CPU
	EndGlobalSection
	GlobalSection(ProjectConfigurationPlatforms) = postSolution
		{04909546-0D3C-4B09-84A1-F80A3B36092E}.Debug|Any CPU.ActiveCfg = Debug|Any CPU
		{04909546-0D3C-4B09-84A1-F80A3B36092E}.Debug|Any CPU.Build.0 = Debug|Any CPU
		{04909546-0D3C-4B09-84A1-F80A3B36092E}.Release|Any CPU.ActiveCfg = Release|Any CPU
		{04909546-0D3C-4B09-84A1-F80A3B36092E}.Release|Any CPU.Build.0 = Release|Any CPU
	EndGlobalSection
	GlobalSection(SolutionProperties) = preSolution
		HideSolutionNode = FALSE
	EndGlobalSection
	GlobalSection(ExtensibilityGlobals) = postSolution
		SolutionGuid = {DDAFACD1-362F-47CA-9501-820969E43F55}
	EndGlobalSection
EndGlobal
